
Microsoft Visual Studio Solution File, Format Version 12.00
# Visual Studio Version 17
VisualStudioVersion = 17.4.33122.133
MinimumVisualStudioVersion = 10.0.40219.1
Project("{FAE04EC0-301F-11D3-BF4B-00C04F79EFBC}") = "MyAPI", "MyAPI\MyAPI.csproj", "{EEFD22D4-6A12-4F8A-9B1B-F2893881947C}"
EndProject
Global
	GlobalSection(SolutionConfigurationPlatforms) = preSolution
		Debug|Any CPU = Debug|Any CPU
		Release|Any CPU = Release|Any CPU
	EndGlobalSection
	GlobalSection(ProjectConfigurationPlatforms) = postSolution
		{EEFD22D4-6A12-4F8A-9B1B-F2893881947C}.Debug|Any CPU.ActiveCfg = Debug|Any CPU
		{EEFD22D4-6A12-4F8A-9B1B-F2893881947C}.Debug|Any CPU.Build.0 = Debug|Any CPU
		{EEFD22D4-6A12-4F8A-9B1B-F2893881947C}.Release|Any CPU.ActiveCfg = Release|Any CPU
		{EEFD22D4-6A12-4F8A-9B1B-F2893881947C}.Release|Any CPU.Build.0 = Release|Any CPU
	EndGlobalSection
	GlobalSection(SolutionProperties) = preSolution
		HideSolutionNode = FALSE
	EndGlobalSection
	GlobalSection(ExtensibilityGlobals) = postSolution
		SolutionGuid = {74CCCED0-B3AF-449A-BF6A-245092B118B9}
	EndGlobalSection
EndGlobal
